# THIS IS AN AUTOGENERATED FILE. DO NOT EDIT THIS FILE DIRECTLY.
# yarn lockfile v1


"@types/node@^14.14.11":
  version "14.14.13"
  resolved "https://registry.yarnpkg.com/@types/node/-/node-14.14.13.tgz#9e425079799322113ae8477297ae6ef51b8e0cdf"
  integrity sha512-vbxr0VZ8exFMMAjCW8rJwaya0dMCDyYW2ZRdTyjtrCvJoENMpdUHOT/eTzvgyA5ZnqRZ/sI0NwqAxNHKYokLJQ==
